
Microsoft Visual Studio Solution File, Format Version 12.00
# Visual Studio Version 16
VisualStudioVersion = 16.0.28922.388
MinimumVisualStudioVersion = 10.0.40219.1
Project("{FAE04EC0-301F-11D3-BF4B-00C04F79EFBC}") = "BoulderProject-Umbraco", "BoulderProject-Umbraco\BoulderProject-Umbraco.csproj", "{8169C52D-684F-43E0-879C-962BEDF74193}"
EndProject
Global
	GlobalSection(SolutionConfigurationPlatforms) = preSolution
		Debug|Any CPU = Debug|Any CPU
		Release|Any CPU = Release|Any CPU
	EndGlobalSection
	GlobalSection(ProjectConfigurationPlatforms) = postSolution
		{8169C52D-684F-43E0-879C-962BEDF74193}.Debug|Any CPU.ActiveCfg = Debug|Any CPU
		{8169C52D-684F-43E0-879C-962BEDF74193}.Debug|Any CPU.Build.0 = Debug|Any CPU
		{8169C52D-684F-43E0-879C-962BEDF74193}.Release|Any CPU.ActiveCfg = Release|Any CPU
		{8169C52D-684F-43E0-879C-962BEDF74193}.Release|Any CPU.Build.0 = Release|Any CPU
	EndGlobalSection
	GlobalSection(SolutionProperties) = preSolution
		HideSolutionNode = FALSE
	EndGlobalSection
	GlobalSection(ExtensibilityGlobals) = postSolution
		SolutionGuid = {B281FAA5-A285-4F4A-9144-F7CC7F692B9F}
	EndGlobalSection
EndGlobal
